
Microsoft Visual Studio Solution File, Format Version 12.00
# Visual Studio Version 17
VisualStudioVersion = 17.8.34408.163
MinimumVisualStudioVersion = 10.0.40219.1
Project("{FAE04EC0-301F-11D3-BF4B-00C04F79EFBC}") = "Mission04", "Mission04\Mission04.csproj", "{1C000BF4-C7D5-49E6-AE7D-1B10C78FC48B}"
EndProject
Global
	GlobalSection(SolutionConfigurationPlatforms) = preSolution
		Debug|Any CPU = Debug|Any CPU
		Release|Any CPU = Release|Any CPU
	EndGlobalSection
	GlobalSection(ProjectConfigurationPlatforms) = postSolution
		{1C000BF4-C7D5-49E6-AE7D-1B10C78FC48B}.Debug|Any CPU.ActiveCfg = Debug|Any CPU
		{1C000BF4-C7D5-49E6-AE7D-1B10C78FC48B}.Debug|Any CPU.Build.0 = Debug|Any CPU
		{1C000BF4-C7D5-49E6-AE7D-1B10C78FC48B}.Release|Any CPU.ActiveCfg = Release|Any CPU
		{1C000BF4-C7D5-49E6-AE7D-1B10C78FC48B}.Release|Any CPU.Build.0 = Release|Any CPU
	EndGlobalSection
	GlobalSection(SolutionProperties) = preSolution
		HideSolutionNode = FALSE
	EndGlobalSection
	GlobalSection(ExtensibilityGlobals) = postSolution
		SolutionGuid = {603C794C-A22A-4399-9A1D-FB61C475918B}
	EndGlobalSection
EndGlobal
